// !$*UTF8*$!
{
	archiveVersion = 1;
	classes = {
	};
	objectVersion = 55;
	objects = {

/* Begin PBXBuildFile section */
		FF1F448629CDDC6A0002A5D0 /* AppDelegate.swift in Sources */ = {isa = PBXBuildFile; fileRef = FF1F448529CDDC6A0002A5D0 /* AppDelegate.swift */; };
		FF1F448829CDDC6A0002A5D0 /* SceneDelegate.swift in Sources */ = {isa = PBXBuildFile; fileRef = FF1F448729CDDC6A0002A5D0 /* SceneDelegate.swift */; };
		FF1F448A29CDDC6A0002A5D0 /* ViewController.swift in Sources */ = {isa = PBXBuildFile; fileRef = FF1F448929CDDC6A0002A5D0 /* ViewController.swift */; };
		FF1F448D29CDDC6A0002A5D0 /* Main.storyboard in Resources */ = {isa = PBXBuildFile; fileRef = FF1F448B29CDDC6A0002A5D0 /* Main.storyboard */; };
		FF1F448F29CDDC700002A5D0 /* Assets.xcassets in Resources */ = {isa = PBXBuildFile; fileRef = FF1F448E29CDDC700002A5D0 /* Assets.xcassets */; };
		FF1F449229CDDC700002A5D0 /* LaunchScreen.storyboard in Resources */ = {isa = PBXBuildFile; fileRef = FF1F449029CDDC700002A5D0 /* LaunchScreen.storyboard */; };
		FF1F449A29CE2BE80002A5D0 /* LoginViewController.swift in Sources */ = {isa = PBXBuildFile; fileRef = FF1F449929CE2BE80002A5D0 /* LoginViewController.swift */; };
		FF1F449C29CE2FD10002A5D0 /* CreateAccountViewController.swift in Sources */ = {isa = PBXBuildFile; fileRef = FF1F449B29CE2FD10002A5D0 /* CreateAccountViewController.swift */; };
		FF1F449E29CE33430002A5D0 /* GoogleService-Info.plist in Resources */ = {isa = PBXBuildFile; fileRef = FF1F449D29CE33430002A5D0 /* GoogleService-Info.plist */; };
		FF52CBFA29CF2D6C00494AEA /* FirebaseAuth in Frameworks */ = {isa = PBXBuildFile; productRef = FF52CBF929CF2D6C00494AEA /* FirebaseAuth */; };
		FF52CBFC29CF2D6C00494AEA /* FirebaseDatabase in Frameworks */ = {isa = PBXBuildFile; productRef = FF52CBFB29CF2D6C00494AEA /* FirebaseDatabase */; };
		FF5C5C5729E00447001D6D5A /* TabBarViewController.swift in Sources */ = {isa = PBXBuildFile; fileRef = FF5C5C5629E00447001D6D5A /* TabBarViewController.swift */; };
		FF9152A329DEAF6000226738 /* Details.storyboard in Resources */ = {isa = PBXBuildFile; fileRef = FF9152A229DEAF6000226738 /* Details.storyboard */; };
		FF9152A529DEB44500226738 /* DetailsViewController.swift in Sources */ = {isa = PBXBuildFile; fileRef = FF9152A429DEB44500226738 /* DetailsViewController.swift */; };
		FF940D2029D1C94B000F8F71 /* drumsound.mp3 in Resources */ = {isa = PBXBuildFile; fileRef = FF940D1F29D1C94B000F8F71 /* drumsound.mp3 */; };
		FFB2DD5B29D2197C003D3682 /* BmiViewController.swift in Sources */ = {isa = PBXBuildFile; fileRef = FFB2DD5A29D2197C003D3682 /* BmiViewController.swift */; };
		FFC9B38B29D0C3F500D3F9EC /* HeartViewController.swift in Sources */ = {isa = PBXBuildFile; fileRef = FFC9B38A29D0C3F500D3F9EC /* HeartViewController.swift */; };
		FFC9B38D29D0C4FD00D3F9EC /* EyeViewController.swift in Sources */ = {isa = PBXBuildFile; fileRef = FFC9B38C29D0C4FD00D3F9EC /* EyeViewController.swift */; };
		FFC9B38F29D0C75D00D3F9EC /* User.swift in Sources */ = {isa = PBXBuildFile; fileRef = FFC9B38E29D0C75D00D3F9EC /* User.swift */; };
		FFC9B39129D0D1EC00D3F9EC /* ResultsAndInfoViewController.swift in Sources */ = {isa = PBXBuildFile; fileRef = FFC9B39029D0D1EC00D3F9EC /* ResultsAndInfoViewController.swift */; };
		FFCC925F29D15D8300CF18DC /* MenuViewController.swift in Sources */ = {isa = PBXBuildFile; fileRef = FFCC925E29D15D8300CF18DC /* MenuViewController.swift */; };
		FFCC926129D1A46800CF18DC /* UserManager.swift in Sources */ = {isa = PBXBuildFile; fileRef = FFCC926029D1A46800CF18DC /* UserManager.swift */; };
		FFCC926329D1AF8200CF18DC /* HearingViewController.swift in Sources */ = {isa = PBXBuildFile; fileRef = FFCC926229D1AF8200CF18DC /* HearingViewController.swift */; };
		FFCC926D29D1BEFE00CF18DC /* saxofonSound.mp3 in Resources */ = {isa = PBXBuildFile; fileRef = FFCC926929D1BEFE00CF18DC /* saxofonSound.mp3 */; };
		FFCC926E29D1BEFE00CF18DC /* guitarSound.mp3 in Resources */ = {isa = PBXBuildFile; fileRef = FFCC926A29D1BEFE00CF18DC /* guitarSound.mp3 */; };
		FFCC926F29D1BEFE00CF18DC /* violinSound.mp3 in Resources */ = {isa = PBXBuildFile; fileRef = FFCC926B29D1BEFE00CF18DC /* violinSound.mp3 */; };
/* End PBXBuildFile section */

/* Begin PBXFileReference section */
		FF1F448229CDDC6A0002A5D0 /* HealthCheckup.app */ = {isa = PBXFileReference; explicitFileType = wrapper.application; includeInIndex = 0; path = HealthCheckup.app; sourceTree = BUILT_PRODUCTS_DIR; };
		FF1F448529CDDC6A0002A5D0 /* AppDelegate.swift */ = {isa = PBXFileReference; lastKnownFileType = sourcecode.swift; path = AppDelegate.swift; sourceTree = "<group>"; };
		FF1F448729CDDC6A0002A5D0 /* SceneDelegate.swift */ = {isa = PBXFileReference; lastKnownFileType = sourcecode.swift; path = SceneDelegate.swift; sourceTree = "<group>"; };
		FF1F448929CDDC6A0002A5D0 /* ViewController.swift */ = {isa = PBXFileReference; lastKnownFileType = sourcecode.swift; path = ViewController.swift; sourceTree = "<group>"; };
		FF1F448C29CDDC6A0002A5D0 /* Base */ = {isa = PBXFileReference; lastKnownFileType = file.storyboard; name = Base; path = Base.lproj/Main.storyboard; sourceTree = "<group>"; };
		FF1F448E29CDDC700002A5D0 /* Assets.xcassets */ = {isa = PBXFileReference; lastKnownFileType = folder.assetcatalog; path = Assets.xcassets; sourceTree = "<group>"; };
		FF1F449129CDDC700002A5D0 /* Base */ = {isa = PBXFileReference; lastKnownFileType = file.storyboard; name = Base; path = Base.lproj/LaunchScreen.storyboard; sourceTree = "<group>"; };
		FF1F449329CDDC700002A5D0 /* Info.plist */ = {isa = PBXFileReference; lastKnownFileType = text.plist.xml; path = Info.plist; sourceTree = "<group>"; };
		FF1F449929CE2BE80002A5D0 /* LoginViewController.swift */ = {isa = PBXFileReference; lastKnownFileType = sourcecode.swift; path = LoginViewController.swift; sourceTree = "<group>"; };
		FF1F449B29CE2FD10002A5D0 /* CreateAccountViewController.swift */ = {isa = PBXFileReference; lastKnownFileType = sourcecode.swift; path = CreateAccountViewController.swift; sourceTree = "<group>"; };
		FF1F449D29CE33430002A5D0 /* GoogleService-Info.plist */ = {isa = PBXFileReference; fileEncoding = 4; lastKnownFileType = text.plist.xml; path = "GoogleService-Info.plist"; sourceTree = "<group>"; };
		FF5C5C5629E00447001D6D5A /* TabBarViewController.swift */ = {isa = PBXFileReference; lastKnownFileType = sourcecode.swift; path = TabBarViewController.swift; sourceTree = "<group>"; };
		FF9152A229DEAF6000226738 /* Details.storyboard */ = {isa = PBXFileReference; lastKnownFileType = file.storyboard; path = Details.storyboard; sourceTree = "<group>"; };
		FF9152A429DEB44500226738 /* DetailsViewController.swift */ = {isa = PBXFileReference; lastKnownFileType = sourcecode.swift; path = DetailsViewController.swift; sourceTree = "<group>"; };
		FF940D1F29D1C94B000F8F71 /* drumsound.mp3 */ = {isa = PBXFileReference; lastKnownFileType = audio.mp3; path = drumsound.mp3; sourceTree = "<group>"; };
		FFB2DD5A29D2197C003D3682 /* BmiViewController.swift */ = {isa = PBXFileReference; lastKnownFileType = sourcecode.swift; path = BmiViewController.swift; sourceTree = "<group>"; };
		FFC9B38A29D0C3F500D3F9EC /* HeartViewController.swift */ = {isa = PBXFileReference; lastKnownFileType = sourcecode.swift; path = HeartViewController.swift; sourceTree = "<group>"; };
		FFC9B38C29D0C4FD00D3F9EC /* EyeViewController.swift */ = {isa = PBXFileReference; lastKnownFileType = sourcecode.swift; path = EyeViewController.swift; sourceTree = "<group>"; };
		FFC9B38E29D0C75D00D3F9EC /* User.swift */ = {isa = PBXFileReference; lastKnownFileType = sourcecode.swift; path = User.swift; sourceTree = "<group>"; };
		FFC9B39029D0D1EC00D3F9EC /* ResultsAndInfoViewController.swift */ = {isa = PBXFileReference; lastKnownFileType = sourcecode.swift; path = ResultsAndInfoViewController.swift; sourceTree = "<group>"; };
		FFCC925E29D15D8300CF18DC /* MenuViewController.swift */ = {isa = PBXFileReference; lastKnownFileType = sourcecode.swift; path = MenuViewController.swift; sourceTree = "<group>"; };
		FFCC926029D1A46800CF18DC /* UserManager.swift */ = {isa = PBXFileReference; lastKnownFileType = sourcecode.swift; path = UserManager.swift; sourceTree = "<group>"; };
		FFCC926229D1AF8200CF18DC /* HearingViewController.swift */ = {isa = PBXFileReference; lastKnownFileType = sourcecode.swift; path = HearingViewController.swift; sourceTree = "<group>"; };
		FFCC926929D1BEFE00CF18DC /* saxofonSound.mp3 */ = {isa = PBXFileReference; lastKnownFileType = audio.mp3; path = saxofonSound.mp3; sourceTree = "<group>"; };
		FFCC926A29D1BEFE00CF18DC /* guitarSound.mp3 */ = {isa = PBXFileReference; lastKnownFileType = audio.mp3; path = guitarSound.mp3; sourceTree = "<group>"; };
		FFCC926B29D1BEFE00CF18DC /* violinSound.mp3 */ = {isa = PBXFileReference; lastKnownFileType = audio.mp3; path = violinSound.mp3; sourceTree = "<group>"; };
/* End PBXFileReference section */

/* Begin PBXFrameworksBuildPhase section */
		FF1F447F29CDDC6A0002A5D0 /* Frameworks */ = {
			isa = PBXFrameworksBuildPhase;
			buildActionMask = 2147483647;
			files = (
				FF52CBFC29CF2D6C00494AEA /* FirebaseDatabase in Frameworks */,
				FF52CBFA29CF2D6C00494AEA /* FirebaseAuth in Frameworks */,
			);
			runOnlyForDeploymentPostprocessing = 0;
		};
/* End PBXFrameworksBuildPhase section */

/* Begin PBXGroup section */
		FF1F447929CDDC6A0002A5D0 = {
			isa = PBXGroup;
			children = (
				FF1F448429CDDC6A0002A5D0 /* HealthCheckup */,
				FF1F448329CDDC6A0002A5D0 /* Products */,
			);
			sourceTree = "<group>";
		};
		FF1F448329CDDC6A0002A5D0 /* Products */ = {
			isa = PBXGroup;
			children = (
				FF1F448229CDDC6A0002A5D0 /* HealthCheckup.app */,
			);
			name = Products;
			sourceTree = "<group>";
		};
		FF1F448429CDDC6A0002A5D0 /* HealthCheckup */ = {
			isa = PBXGroup;
			children = (
				FF5C5C5629E00447001D6D5A /* TabBarViewController.swift */,
				FFC9B38E29D0C75D00D3F9EC /* User.swift */,
				FFCC926029D1A46800CF18DC /* UserManager.swift */,
				FF1F448529CDDC6A0002A5D0 /* AppDelegate.swift */,
				FF1F448729CDDC6A0002A5D0 /* SceneDelegate.swift */,
				FF1F448929CDDC6A0002A5D0 /* ViewController.swift */,
				FF1F449929CE2BE80002A5D0 /* LoginViewController.swift */,
				FF1F449B29CE2FD10002A5D0 /* CreateAccountViewController.swift */,
				FFC9B38A29D0C3F500D3F9EC /* HeartViewController.swift */,
				FFCC926229D1AF8200CF18DC /* HearingViewController.swift */,
				FFC9B38C29D0C4FD00D3F9EC /* EyeViewController.swift */,
				FFB2DD5A29D2197C003D3682 /* BmiViewController.swift */,
				FFC9B39029D0D1EC00D3F9EC /* ResultsAndInfoViewController.swift */,
				FFCC925E29D15D8300CF18DC /* MenuViewController.swift */,
				FF9152A429DEB44500226738 /* DetailsViewController.swift */,
				FF9152A229DEAF6000226738 /* Details.storyboard */,
				FF1F448B29CDDC6A0002A5D0 /* Main.storyboard */,
				FF1F448E29CDDC700002A5D0 /* Assets.xcassets */,
				FF940D1F29D1C94B000F8F71 /* drumsound.mp3 */,
				FFCC926A29D1BEFE00CF18DC /* guitarSound.mp3 */,
				FFCC926929D1BEFE00CF18DC /* saxofonSound.mp3 */,
				FFCC926B29D1BEFE00CF18DC /* violinSound.mp3 */,
				FF1F449029CDDC700002A5D0 /* LaunchScreen.storyboard */,
				FF1F449329CDDC700002A5D0 /* Info.plist */,
				FF1F449D29CE33430002A5D0 /* GoogleService-Info.plist */,
			);
			path = HealthCheckup;
			sourceTree = "<group>";
		};
/* End PBXGroup section */

/* Begin PBXNativeTarget section */
		FF1F448129CDDC6A0002A5D0 /* HealthCheckup */ = {
			isa = PBXNativeTarget;
			buildConfigurationList = FF1F449629CDDC700002A5D0 /* Build configuration list for PBXNativeTarget "HealthCheckup" */;
			buildPhases = (
				FF1F447E29CDDC6A0002A5D0 /* Sources */,
				FF1F447F29CDDC6A0002A5D0 /* Frameworks */,
				FF1F448029CDDC6A0002A5D0 /* Resources */,
			);
			buildRules = (
			);
			dependencies = (
			);
			name = HealthCheckup;
			packageProductDependencies = (
				FF52CBF929CF2D6C00494AEA /* FirebaseAuth */,
				FF52CBFB29CF2D6C00494AEA /* FirebaseDatabase */,
			);
			productName = HealthCheckup;
			productReference = FF1F448229CDDC6A0002A5D0 /* HealthCheckup.app */;
			productType = "com.apple.product-type.application";
		};
/* End PBXNativeTarget section */

/* Begin PBXProject section */
		FF1F447A29CDDC6A0002A5D0 /* Project object */ = {
			isa = PBXProject;
			attributes = {
				BuildIndependentTargetsInParallel = 1;
				LastSwiftUpdateCheck = 1310;
				LastUpgradeCheck = 1310;
				TargetAttributes = {
					FF1F448129CDDC6A0002A5D0 = {
						CreatedOnToolsVersion = 13.1;
					};
				};
			};
			buildConfigurationList = FF1F447D29CDDC6A0002A5D0 /* Build configuration list for PBXProject "HealthCheckup" */;
			compatibilityVersion = "Xcode 13.0";
			developmentRegion = en;
			hasScannedForEncodings = 0;
			knownRegions = (
				en,
				Base,
			);
			mainGroup = FF1F447929CDDC6A0002A5D0;
			packageReferences = (
				FF52CBF829CF2D6C00494AEA /* XCRemoteSwiftPackageReference "firebase-ios-sdk" */,
			);
			productRefGroup = FF1F448329CDDC6A0002A5D0 /* Products */;
			projectDirPath = "";
			projectRoot = "";
			targets = (
				FF1F448129CDDC6A0002A5D0 /* HealthCheckup */,
			);
		};
/* End PBXProject section */

/* Begin PBXResourcesBuildPhase section */
		FF1F448029CDDC6A0002A5D0 /* Resources */ = {
			isa = PBXResourcesBuildPhase;
			buildActionMask = 2147483647;
			files = (
				FF1F449229CDDC700002A5D0 /* LaunchScreen.storyboard in Resources */,
				FF1F449E29CE33430002A5D0 /* GoogleService-Info.plist in Resources */,
				FFCC926D29D1BEFE00CF18DC /* saxofonSound.mp3 in Resources */,
				FF9152A329DEAF6000226738 /* Details.storyboard in Resources */,
				FFCC926E29D1BEFE00CF18DC /* guitarSound.mp3 in Resources */,
				FF940D2029D1C94B000F8F71 /* drumsound.mp3 in Resources */,
				FF1F448F29CDDC700002A5D0 /* Assets.xcassets in Resources */,
				FF1F448D29CDDC6A0002A5D0 /* Main.storyboard in Resources */,
				FFCC926F29D1BEFE00CF18DC /* violinSound.mp3 in Resources */,
			);
			runOnlyForDeploymentPostprocessing = 0;
		};
/* End PBXResourcesBuildPhase section */

/* Begin PBXSourcesBuildPhase section */
		FF1F447E29CDDC6A0002A5D0 /* Sources */ = {
			isa = PBXSourcesBuildPhase;
			buildActionMask = 2147483647;
			files = (
				FF1F449C29CE2FD10002A5D0 /* CreateAccountViewController.swift in Sources */,
				FFCC925F29D15D8300CF18DC /* MenuViewController.swift in Sources */,
				FFC9B39129D0D1EC00D3F9EC /* ResultsAndInfoViewController.swift in Sources */,
				FF1F449A29CE2BE80002A5D0 /* LoginViewController.swift in Sources */,
				FF1F448A29CDDC6A0002A5D0 /* ViewController.swift in Sources */,
				FFC9B38D29D0C4FD00D3F9EC /* EyeViewController.swift in Sources */,
				FFC9B38F29D0C75D00D3F9EC /* User.swift in Sources */,
				FFC9B38B29D0C3F500D3F9EC /* HeartViewController.swift in Sources */,
				FF1F448629CDDC6A0002A5D0 /* AppDelegate.swift in Sources */,
				FFB2DD5B29D2197C003D3682 /* BmiViewController.swift in Sources */,
				FFCC926129D1A46800CF18DC /* UserManager.swift in Sources */,
				FF9152A529DEB44500226738 /* DetailsViewController.swift in Sources */,
				FF1F448829CDDC6A0002A5D0 /* SceneDelegate.swift in Sources */,
				FF5C5C5729E00447001D6D5A /* TabBarViewController.swift in Sources */,
				FFCC926329D1AF8200CF18DC /* HearingViewController.swift in Sources */,
			);
			runOnlyForDeploymentPostprocessing = 0;
		};
/* End PBXSourcesBuildPhase section */

/* Begin PBXVariantGroup section */
		FF1F448B29CDDC6A0002A5D0 /* Main.storyboard */ = {
			isa = PBXVariantGroup;
			children = (
				FF1F448C29CDDC6A0002A5D0 /* Base */,
			);
			name = Main.storyboard;
			sourceTree = "<group>";
		};
		FF1F449029CDDC700002A5D0 /* LaunchScreen.storyboard */ = {
			isa = PBXVariantGroup;
			children = (
				FF1F449129CDDC700002A5D0 /* Base */,
			);
			name = LaunchScreen.storyboard;
			sourceTree = "<group>";
		};
/* End PBXVariantGroup section */

/* Begin XCBuildConfiguration section */
		FF1F449429CDDC700002A5D0 /* Debug */ = {
			isa = XCBuildConfiguration;
			buildSettings = {
				ALWAYS_SEARCH_USER_PATHS = NO;
				CLANG_ANALYZER_NONNULL = YES;
				CLANG_ANALYZER_NUMBER_OBJECT_CONVERSION = YES_AGGRESSIVE;
				CLANG_CXX_LANGUAGE_STANDARD = "gnu++17";
				CLANG_CXX_LIBRARY = "libc++";
				CLANG_ENABLE_MODULES = YES;
				CLANG_ENABLE_OBJC_ARC = YES;
				CLANG_ENABLE_OBJC_WEAK = YES;
				CLANG_WARN_BLOCK_CAPTURE_AUTORELEASING = YES;
				CLANG_WARN_BOOL_CONVERSION = YES;
				CLANG_WARN_COMMA = YES;
				CLANG_WARN_CONSTANT_CONVERSION = YES;
				CLANG_WARN_DEPRECATED_OBJC_IMPLEMENTATIONS = YES;
				CLANG_WARN_DIRECT_OBJC_ISA_USAGE = YES_ERROR;
				CLANG_WARN_DOCUMENTATION_COMMENTS = YES;
				CLANG_WARN_EMPTY_BODY = YES;
				CLANG_WARN_ENUM_CONVERSION = YES;
				CLANG_WARN_INFINITE_RECURSION = YES;
				CLANG_WARN_INT_CONVERSION = YES;
				CLANG_WARN_NON_LITERAL_NULL_CONVERSION = YES;
				CLANG_WARN_OBJC_IMPLICIT_RETAIN_SELF = YES;
				CLANG_WARN_OBJC_LITERAL_CONVERSION = YES;
				CLANG_WARN_OBJC_ROOT_CLASS = YES_ERROR;
				CLANG_WARN_QUOTED_INCLUDE_IN_FRAMEWORK_HEADER = YES;
				CLANG_WARN_RANGE_LOOP_ANALYSIS = YES;
				CLANG_WARN_STRICT_PROTOTYPES = YES;
				CLANG_WARN_SUSPICIOUS_MOVE = YES;
				CLANG_WARN_UNGUARDED_AVAILABILITY = YES_AGGRESSIVE;
				CLANG_WARN_UNREACHABLE_CODE = YES;
				CLANG_WARN__DUPLICATE_METHOD_MATCH = YES;
				COPY_PHASE_STRIP = NO;
				DEBUG_INFORMATION_FORMAT = dwarf;
				ENABLE_STRICT_OBJC_MSGSEND = YES;
				ENABLE_TESTABILITY = YES;
				GCC_C_LANGUAGE_STANDARD = gnu11;
				GCC_DYNAMIC_NO_PIC = NO;
				GCC_NO_COMMON_BLOCKS = YES;
				GCC_OPTIMIZATION_LEVEL = 0;
				GCC_PREPROCESSOR_DEFINITIONS = (
					"DEBUG=1",
					"$(inherited)",
				);
				GCC_WARN_64_TO_32_BIT_CONVERSION = YES;
				GCC_WARN_ABOUT_RETURN_TYPE = YES_ERROR;
				GCC_WARN_UNDECLARED_SELECTOR = YES;
				GCC_WARN_UNINITIALIZED_AUTOS = YES_AGGRESSIVE;
				GCC_WARN_UNUSED_FUNCTION = YES;
				GCC_WARN_UNUSED_VARIABLE = YES;
				IPHONEOS_DEPLOYMENT_TARGET = 15.0;
				MTL_ENABLE_DEBUG_INFO = INCLUDE_SOURCE;
				MTL_FAST_MATH = YES;
				ONLY_ACTIVE_ARCH = YES;
				SDKROOT = iphoneos;
				SWIFT_ACTIVE_COMPILATION_CONDITIONS = DEBUG;
				SWIFT_OPTIMIZATION_LEVEL = "-Onone";
			};
			name = Debug;
		};
		FF1F449529CDDC700002A5D0 /* Release */ = {
			isa = XCBuildConfiguration;
			buildSettings = {
				ALWAYS_SEARCH_USER_PATHS = NO;
				CLANG_ANALYZER_NONNULL = YES;
				CLANG_ANALYZER_NUMBER_OBJECT_CONVERSION = YES_AGGRESSIVE;
				CLANG_CXX_LANGUAGE_STANDARD = "gnu++17";
				CLANG_CXX_LIBRARY = "libc++";
				CLANG_ENABLE_MODULES = YES;
				CLANG_ENABLE_OBJC_ARC = YES;
				CLANG_ENABLE_OBJC_WEAK = YES;
				CLANG_WARN_BLOCK_CAPTURE_AUTORELEASING = YES;
				CLANG_WARN_BOOL_CONVERSION = YES;
				CLANG_WARN_COMMA = YES;
				CLANG_WARN_CONSTANT_CONVERSION = YES;
				CLANG_WARN_DEPRECATED_OBJC_IMPLEMENTATIONS = YES;
				CLANG_WARN_DIRECT_OBJC_ISA_USAGE = YES_ERROR;
				CLANG_WARN_DOCUMENTATION_COMMENTS = YES;
				CLANG_WARN_EMPTY_BODY = YES;
				CLANG_WARN_ENUM_CONVERSION = YES;
				CLANG_WARN_INFINITE_RECURSION = YES;
				CLANG_WARN_INT_CONVERSION = YES;
				CLANG_WARN_NON_LITERAL_NULL_CONVERSION = YES;
				CLANG_WARN_OBJC_IMPLICIT_RETAIN_SELF = YES;
				CLANG_WARN_OBJC_LITERAL_CONVERSION = YES;
				CLANG_WARN_OBJC_ROOT_CLASS = YES_ERROR;
				CLANG_WARN_QUOTED_INCLUDE_IN_FRAMEWORK_HEADER = YES;
				CLANG_WARN_RANGE_LOOP_ANALYSIS = YES;
				CLANG_WARN_STRICT_PROTOTYPES = YES;
				CLANG_WARN_SUSPICIOUS_MOVE = YES;
				CLANG_WARN_UNGUARDED_AVAILABILITY = YES_AGGRESSIVE;
				CLANG_WARN_UNREACHABLE_CODE = YES;
				CLANG_WARN__DUPLICATE_METHOD_MATCH = YES;
				COPY_PHASE_STRIP = NO;
				DEBUG_INFORMATION_FORMAT = "dwarf-with-dsym";
				ENABLE_NS_ASSERTIONS = NO;
				ENABLE_STRICT_OBJC_MSGSEND = YES;
				GCC_C_LANGUAGE_STANDARD = gnu11;
				GCC_NO_COMMON_BLOCKS = YES;
				GCC_WARN_64_TO_32_BIT_CONVERSION = YES;
				GCC_WARN_ABOUT_RETURN_TYPE = YES_ERROR;
				GCC_WARN_UNDECLARED_SELECTOR = YES;
				GCC_WARN_UNINITIALIZED_AUTOS = YES_AGGRESSIVE;
				GCC_WARN_UNUSED_FUNCTION = YES;
				GCC_WARN_UNUSED_VARIABLE = YES;
				IPHONEOS_DEPLOYMENT_TARGET = 15.0;
				MTL_ENABLE_DEBUG_INFO = NO;
				MTL_FAST_MATH = YES;
				SDKROOT = iphoneos;
				SWIFT_COMPILATION_MODE = wholemodule;
				SWIFT_OPTIMIZATION_LEVEL = "-O";
				VALIDATE_PRODUCT = YES;
			};
			name = Release;
		};
		FF1F449729CDDC700002A5D0 /* Debug */ = {
			isa = XCBuildConfiguration;
			buildSettings = {
				ASSETCATALOG_COMPILER_APPICON_NAME = AppIcon;
				ASSETCATALOG_COMPILER_GLOBAL_ACCENT_COLOR_NAME = AccentColor;
				CODE_SIGN_STYLE = Automatic;
				CURRENT_PROJECT_VERSION = 1;
				DEVELOPMENT_TEAM = 22BV4Y8G87;
				GENERATE_INFOPLIST_FILE = YES;
				INFOPLIST_FILE = HealthCheckup/Info.plist;
				INFOPLIST_KEY_UIApplicationSupportsIndirectInputEvents = YES;
				INFOPLIST_KEY_UILaunchStoryboardName = LaunchScreen;
				INFOPLIST_KEY_UIMainStoryboardFile = Main;
				INFOPLIST_KEY_UISupportedInterfaceOrientations_iPad = "UIInterfaceOrientationPortrait UIInterfaceOrientationPortraitUpsideDown UIInterfaceOrientationLandscapeLeft UIInterfaceOrientationLandscapeRight";
				INFOPLIST_KEY_UISupportedInterfaceOrientations_iPhone = "UIInterfaceOrientationPortrait UIInterfaceOrientationLandscapeLeft UIInterfaceOrientationLandscapeRight";
				LD_RUNPATH_SEARCH_PATHS = (
					"$(inherited)",
					"@executable_path/Frameworks",
				);
				MARKETING_VERSION = 1.0;
				PRODUCT_BUNDLE_IDENTIFIER = nyulas.HealthCheckup;
				PRODUCT_NAME = "$(TARGET_NAME)";
				SWIFT_EMIT_LOC_STRINGS = YES;
				SWIFT_VERSION = 5.0;
				TARGETED_DEVICE_FAMILY = "1,2";
			};
			name = Debug;
		};
		FF1F449829CDDC700002A5D0 /* Release */ = {
			isa = XCBuildConfiguration;
			buildSettings = {
				ASSETCATALOG_COMPILER_APPICON_NAME = AppIcon;
				ASSETCATALOG_COMPILER_GLOBAL_ACCENT_COLOR_NAME = AccentColor;
				CODE_SIGN_STYLE = Automatic;
				CURRENT_PROJECT_VERSION = 1;
				DEVELOPMENT_TEAM = 22BV4Y8G87;
				GENERATE_INFOPLIST_FILE = YES;
				INFOPLIST_FILE = HealthCheckup/Info.plist;
				INFOPLIST_KEY_UIApplicationSupportsIndirectInputEvents = YES;
				INFOPLIST_KEY_UILaunchStoryboardName = LaunchScreen;
				INFOPLIST_KEY_UIMainStoryboardFile = Main;
				INFOPLIST_KEY_UISupportedInterfaceOrientations_iPad = "UIInterfaceOrientationPortrait UIInterfaceOrientationPortraitUpsideDown UIInterfaceOrientationLandscapeLeft UIInterfaceOrientationLandscapeRight";
				INFOPLIST_KEY_UISupportedInterfaceOrientations_iPhone = "UIInterfaceOrientationPortrait UIInterfaceOrientationLandscapeLeft UIInterfaceOrientationLandscapeRight";
				LD_RUNPATH_SEARCH_PATHS = (
					"$(inherited)",
					"@executable_path/Frameworks",
				);
				MARKETING_VERSION = 1.0;
				PRODUCT_BUNDLE_IDENTIFIER = nyulas.HealthCheckup;
				PRODUCT_NAME = "$(TARGET_NAME)";
				SWIFT_EMIT_LOC_STRINGS = YES;
				SWIFT_VERSION = 5.0;
				TARGETED_DEVICE_FAMILY = "1,2";
			};
			name = Release;
		};
/* End XCBuildConfiguration section */

/* Begin XCConfigurationList section */
		FF1F447D29CDDC6A0002A5D0 /* Build configuration list for PBXProject "HealthCheckup" */ = {
			isa = XCConfigurationList;
			buildConfigurations = (
				FF1F449429CDDC700002A5D0 /* Debug */,
				FF1F449529CDDC700002A5D0 /* Release */,
			);
			defaultConfigurationIsVisible = 0;
			defaultConfigurationName = Release;
		};
		FF1F449629CDDC700002A5D0 /* Build configuration list for PBXNativeTarget "HealthCheckup" */ = {
			isa = XCConfigurationList;
			buildConfigurations = (
				FF1F449729CDDC700002A5D0 /* Debug */,
				FF1F449829CDDC700002A5D0 /* Release */,
			);
			defaultConfigurationIsVisible = 0;
			defaultConfigurationName = Release;
		};
/* End XCConfigurationList section */

/* Begin XCRemoteSwiftPackageReference section */
		FF52CBF829CF2D6C00494AEA /* XCRemoteSwiftPackageReference "firebase-ios-sdk" */ = {
			isa = XCRemoteSwiftPackageReference;
			repositoryURL = "https://github.com/firebase/firebase-ios-sdk";
			requirement = {
				kind = exactVersion;
				version = 8.9.1;
			};
		};
/* End XCRemoteSwiftPackageReference section */

/* Begin XCSwiftPackageProductDependency section */
		FF52CBF929CF2D6C00494AEA /* FirebaseAuth */ = {
			isa = XCSwiftPackageProductDependency;
			package = FF52CBF829CF2D6C00494AEA /* XCRemoteSwiftPackageReference "firebase-ios-sdk" */;
			productName = FirebaseAuth;
		};
		FF52CBFB29CF2D6C00494AEA /* FirebaseDatabase */ = {
			isa = XCSwiftPackageProductDependency;
			package = FF52CBF829CF2D6C00494AEA /* XCRemoteSwiftPackageReference "firebase-ios-sdk" */;
			productName = FirebaseDatabase;
		};
/* End XCSwiftPackageProductDependency section */
	};
	rootObject = FF1F447A29CDDC6A0002A5D0 /* Project object */;
}
